{
  "name": "hello-world-lambda",
  "version": "1.0.0",
  "lockfileVersion": 3,
  "requires": true,
  "packages": {
    "": {
      "name": "hello-world-lambda",
      "version": "1.0.0",
      "license": "ISC",
      "dependencies": {
        "external-module": "^0.0.1"
      }
    },
    "node_modules/external-module": {
      "version": "0.0.1",
      "resolved": "https://registry.npmjs.org/external-module/-/external-module-0.0.1.tgz",
      "integrity": "sha512-25xPyqT4zGjfO4yyMPB0EtUXekGF9pg64VQ9ioUG2w+gYCRHFEXIIbrcsOgEvBftPlWSf6WY38VINQx4xPLPXA==",
      "engines": {
        "node": ">= 0.8.0"
      }
    }
  }
}
